
Microsoft Visual Studio Solution File, Format Version 12.00
# Visual Studio Version 16
VisualStudioVersion = 16.0.30804.86
MinimumVisualStudioVersion = 10.0.40219.1
Project("{FAE04EC0-301F-11D3-BF4B-00C04F79EFBC}") = "DevCard_MVC", "DevCard_MVC\DevCard_MVC.csproj", "{C6A8796D-3878-47D0-8390-C61BAD4955FC}"
EndProject
Global
	GlobalSection(SolutionConfigurationPlatforms) = preSolution
		Debug|Any CPU = Debug|Any CPU
		Release|Any CPU = Release|Any CPU
	EndGlobalSection
	GlobalSection(ProjectConfigurationPlatforms) = postSolution
		{C6A8796D-3878-47D0-8390-C61BAD4955FC}.Debug|Any CPU.ActiveCfg = Debug|Any CPU
		{C6A8796D-3878-47D0-8390-C61BAD4955FC}.Debug|Any CPU.Build.0 = Debug|Any CPU
		{C6A8796D-3878-47D0-8390-C61BAD4955FC}.Release|Any CPU.ActiveCfg = Release|Any CPU
		{C6A8796D-3878-47D0-8390-C61BAD4955FC}.Release|Any CPU.Build.0 = Release|Any CPU
	EndGlobalSection
	GlobalSection(SolutionProperties) = preSolution
		HideSolutionNode = FALSE
	EndGlobalSection
	GlobalSection(ExtensibilityGlobals) = postSolution
		SolutionGuid = {CB1DE553-415A-430C-B91D-7C7E1212BB52}
	EndGlobalSection
EndGlobal
